
Microsoft Visual Studio Solution File, Format Version 12.00
# Visual Studio Version 17
VisualStudioVersion = 17.8.34309.116
MinimumVisualStudioVersion = 10.0.40219.1
Project("{9A19103F-16F7-4668-BE54-9A1E7A4F7556}") = "CarRentalManagement.Server", "CarRentalManagement\Server\CarRentalManagement.Server.csproj", "{45198A80-0BB6-434F-B46E-0A3ABDB8099D}"
EndProject
Project("{9A19103F-16F7-4668-BE54-9A1E7A4F7556}") = "CarRentalManagement.Client", "CarRentalManagement\Client\CarRentalManagement.Client.csproj", "{7679E5B2-6D81-40B3-B538-09A453502796}"
EndProject
Project("{9A19103F-16F7-4668-BE54-9A1E7A4F7556}") = "CarRentalManagement.Shared", "CarRentalManagement\Shared\CarRentalManagement.Shared.csproj", "{53F78D49-1C9E-4C1B-A1BD-9331056E6015}"
EndProject
Global
	GlobalSection(SolutionConfigurationPlatforms) = preSolution
		Debug|Any CPU = Debug|Any CPU
		Release|Any CPU = Release|Any CPU
	EndGlobalSection
	GlobalSection(ProjectConfigurationPlatforms) = postSolution
		{45198A80-0BB6-434F-B46E-0A3ABDB8099D}.Debug|Any CPU.ActiveCfg = Debug|Any CPU
		{45198A80-0BB6-434F-B46E-0A3ABDB8099D}.Debug|Any CPU.Build.0 = Debug|Any CPU
		{45198A80-0BB6-434F-B46E-0A3ABDB8099D}.Release|Any CPU.ActiveCfg = Release|Any CPU
		{45198A80-0BB6-434F-B46E-0A3ABDB8099D}.Release|Any CPU.Build.0 = Release|Any CPU
		{7679E5B2-6D81-40B3-B538-09A453502796}.Debug|Any CPU.ActiveCfg = Debug|Any CPU
		{7679E5B2-6D81-40B3-B538-09A453502796}.Debug|Any CPU.Build.0 = Debug|Any CPU
		{7679E5B2-6D81-40B3-B538-09A453502796}.Release|Any CPU.ActiveCfg = Release|Any CPU
		{7679E5B2-6D81-40B3-B538-09A453502796}.Release|Any CPU.Build.0 = Release|Any CPU
		{53F78D49-1C9E-4C1B-A1BD-9331056E6015}.Debug|Any CPU.ActiveCfg = Debug|Any CPU
		{53F78D49-1C9E-4C1B-A1BD-9331056E6015}.Debug|Any CPU.Build.0 = Debug|Any CPU
		{53F78D49-1C9E-4C1B-A1BD-9331056E6015}.Release|Any CPU.ActiveCfg = Release|Any CPU
		{53F78D49-1C9E-4C1B-A1BD-9331056E6015}.Release|Any CPU.Build.0 = Release|Any CPU
	EndGlobalSection
	GlobalSection(SolutionProperties) = preSolution
		HideSolutionNode = FALSE
	EndGlobalSection
	GlobalSection(ExtensibilityGlobals) = postSolution
		SolutionGuid = {072D0FC4-557B-4E9A-A51B-B6C537EC99BB}
	EndGlobalSection
EndGlobal
